// !$*UTF8*$!
{
	archiveVersion = 1;
	classes = {
	};
	objectVersion = 50;
	objects = {

/* Begin PBXBuildFile section */
		CC53BCA522E9286000BD1361 /* AppDelegate.swift in Sources */ = {isa = PBXBuildFile; fileRef = CC53BCA422E9286000BD1361 /* AppDelegate.swift */; };
		CC53BCA722E9286000BD1361 /* SceneDelegate.swift in Sources */ = {isa = PBXBuildFile; fileRef = CC53BCA622E9286000BD1361 /* SceneDelegate.swift */; };
		CC53BCA922E9286000BD1361 /* ContentView.swift in Sources */ = {isa = PBXBuildFile; fileRef = CC53BCA822E9286000BD1361 /* ContentView.swift */; };
		CC53BCAB22E9286100BD1361 /* Assets.xcassets in Resources */ = {isa = PBXBuildFile; fileRef = CC53BCAA22E9286100BD1361 /* Assets.xcassets */; };
		CC53BCAE22E9286100BD1361 /* Preview Assets.xcassets in Resources */ = {isa = PBXBuildFile; fileRef = CC53BCAD22E9286100BD1361 /* Preview Assets.xcassets */; };
		CC53BCB122E9286100BD1361 /* LaunchScreen.storyboard in Resources */ = {isa = PBXBuildFile; fileRef = CC53BCAF22E9286100BD1361 /* LaunchScreen.storyboard */; };
		CC53BCDB22E92BBC00BD1361 /* Weather.swift in Sources */ = {isa = PBXBuildFile; fileRef = CC53BCDA22E92BBC00BD1361 /* Weather.swift */; };
		CC53BCDD22E92C8C00BD1361 /* HourlyWeather.swift in Sources */ = {isa = PBXBuildFile; fileRef = CC53BCDC22E92C8C00BD1361 /* HourlyWeather.swift */; };
		CC53BCDF22E92D6200BD1361 /* DailyWeather.swift in Sources */ = {isa = PBXBuildFile; fileRef = CC53BCDE22E92D6200BD1361 /* DailyWeather.swift */; };
		CC53BCE122E92EA400BD1361 /* WeatherList.swift in Sources */ = {isa = PBXBuildFile; fileRef = CC53BCE022E92EA400BD1361 /* WeatherList.swift */; };
		CC53BCE322E9318900BD1361 /* WeatherIcon.swift in Sources */ = {isa = PBXBuildFile; fileRef = CC53BCE222E9318900BD1361 /* WeatherIcon.swift */; };
		CCA5C9E422EA8BEC00B39021 /* CityStore.swift in Sources */ = {isa = PBXBuildFile; fileRef = CCA5C9E322EA8BEC00B39021 /* CityStore.swift */; };
		CCC1D8F922E9473900325653 /* WeatherManager.swift in Sources */ = {isa = PBXBuildFile; fileRef = CCC1D8F822E9473900325653 /* WeatherManager.swift */; };
		CCC1D8FE22E94A0F00325653 /* City.swift in Sources */ = {isa = PBXBuildFile; fileRef = CCC1D8FD22E94A0F00325653 /* City.swift */; };
/* End PBXBuildFile section */

/* Begin PBXContainerItemProxy section */
		CC53BCB822E9286100BD1361 /* PBXContainerItemProxy */ = {
			isa = PBXContainerItemProxy;
			containerPortal = CC53BC9922E9286000BD1361 /* Project object */;
			proxyType = 1;
			remoteGlobalIDString = CC53BCA022E9286000BD1361;
			remoteInfo = Radar;
		};
		CC53BCC322E9286100BD1361 /* PBXContainerItemProxy */ = {
			isa = PBXContainerItemProxy;
			containerPortal = CC53BC9922E9286000BD1361 /* Project object */;
			proxyType = 1;
			remoteGlobalIDString = CC53BCA022E9286000BD1361;
			remoteInfo = Radar;
		};
/* End PBXContainerItemProxy section */

/* Begin PBXFileReference section */
		CC53BCA122E9286000BD1361 /* Radar.app */ = {isa = PBXFileReference; explicitFileType = wrapper.application; includeInIndex = 0; path = Radar.app; sourceTree = BUILT_PRODUCTS_DIR; };
		CC53BCA422E9286000BD1361 /* AppDelegate.swift */ = {isa = PBXFileReference; lastKnownFileType = sourcecode.swift; path = AppDelegate.swift; sourceTree = "<group>"; };
		CC53BCA622E9286000BD1361 /* SceneDelegate.swift */ = {isa = PBXFileReference; lastKnownFileType = sourcecode.swift; path = SceneDelegate.swift; sourceTree = "<group>"; };
		CC53BCA822E9286000BD1361 /* ContentView.swift */ = {isa = PBXFileReference; lastKnownFileType = sourcecode.swift; path = ContentView.swift; sourceTree = "<group>"; };
		CC53BCAA22E9286100BD1361 /* Assets.xcassets */ = {isa = PBXFileReference; lastKnownFileType = folder.assetcatalog; path = Assets.xcassets; sourceTree = "<group>"; };
		CC53BCAD22E9286100BD1361 /* Preview Assets.xcassets */ = {isa = PBXFileReference; lastKnownFileType = folder.assetcatalog; path = "Preview Assets.xcassets"; sourceTree = "<group>"; };
		CC53BCB022E9286100BD1361 /* Base */ = {isa = PBXFileReference; lastKnownFileType = file.storyboard; name = Base; path = Base.lproj/LaunchScreen.storyboard; sourceTree = "<group>"; };
		CC53BCB222E9286100BD1361 /* Info.plist */ = {isa = PBXFileReference; lastKnownFileType = text.plist.xml; path = Info.plist; sourceTree = "<group>"; };
		CC53BCB722E9286100BD1361 /* RadarTests.xctest */ = {isa = PBXFileReference; explicitFileType = wrapper.cfbundle; includeInIndex = 0; path = RadarTests.xctest; sourceTree = BUILT_PRODUCTS_DIR; };
		CC53BCC222E9286100BD1361 /* RadarUITests.xctest */ = {isa = PBXFileReference; explicitFileType = wrapper.cfbundle; includeInIndex = 0; path = RadarUITests.xctest; sourceTree = BUILT_PRODUCTS_DIR; };
		CC53BCDA22E92BBC00BD1361 /* Weather.swift */ = {isa = PBXFileReference; lastKnownFileType = sourcecode.swift; path = Weather.swift; sourceTree = "<group>"; };
		CC53BCDC22E92C8C00BD1361 /* HourlyWeather.swift */ = {isa = PBXFileReference; lastKnownFileType = sourcecode.swift; path = HourlyWeather.swift; sourceTree = "<group>"; };
		CC53BCDE22E92D6200BD1361 /* DailyWeather.swift */ = {isa = PBXFileReference; lastKnownFileType = sourcecode.swift; path = DailyWeather.swift; sourceTree = "<group>"; };
		CC53BCE022E92EA400BD1361 /* WeatherList.swift */ = {isa = PBXFileReference; lastKnownFileType = sourcecode.swift; path = WeatherList.swift; sourceTree = "<group>"; };
		CC53BCE222E9318900BD1361 /* WeatherIcon.swift */ = {isa = PBXFileReference; lastKnownFileType = sourcecode.swift; path = WeatherIcon.swift; sourceTree = "<group>"; };
		CCA5C9E322EA8BEC00B39021 /* CityStore.swift */ = {isa = PBXFileReference; lastKnownFileType = sourcecode.swift; path = CityStore.swift; sourceTree = "<group>"; };
		CCC1D8F822E9473900325653 /* WeatherManager.swift */ = {isa = PBXFileReference; lastKnownFileType = sourcecode.swift; path = WeatherManager.swift; sourceTree = "<group>"; };
		CCC1D8FD22E94A0F00325653 /* City.swift */ = {isa = PBXFileReference; lastKnownFileType = sourcecode.swift; path = City.swift; sourceTree = "<group>"; };
/* End PBXFileReference section */

/* Begin PBXFrameworksBuildPhase section */
		CC53BC9E22E9286000BD1361 /* Frameworks */ = {
			isa = PBXFrameworksBuildPhase;
			buildActionMask = 2147483647;
			files = (
			);
			runOnlyForDeploymentPostprocessing = 0;
		};
		CC53BCB422E9286100BD1361 /* Frameworks */ = {
			isa = PBXFrameworksBuildPhase;
			buildActionMask = 2147483647;
			files = (
			);
			runOnlyForDeploymentPostprocessing = 0;
		};
		CC53BCBF22E9286100BD1361 /* Frameworks */ = {
			isa = PBXFrameworksBuildPhase;
			buildActionMask = 2147483647;
			files = (
			);
			runOnlyForDeploymentPostprocessing = 0;
		};
/* End PBXFrameworksBuildPhase section */

/* Begin PBXGroup section */
		CC53BC9822E9286000BD1361 = {
			isa = PBXGroup;
			children = (
				CC53BCA322E9286000BD1361 /* Radar */,
				CC53BCA222E9286000BD1361 /* Products */,
			);
			sourceTree = "<group>";
		};
		CC53BCA222E9286000BD1361 /* Products */ = {
			isa = PBXGroup;
			children = (
				CC53BCA122E9286000BD1361 /* Radar.app */,
				CC53BCB722E9286100BD1361 /* RadarTests.xctest */,
				CC53BCC222E9286100BD1361 /* RadarUITests.xctest */,
			);
			name = Products;
			sourceTree = "<group>";
		};
		CC53BCA322E9286000BD1361 /* Radar */ = {
			isa = PBXGroup;
			children = (
				CC53BCD422E9295D00BD1361 /* Extensions */,
				CC53BCD522E9296800BD1361 /* Model */,
				CC53BCD722E9299C00BD1361 /* Views */,
				CC53BCA422E9286000BD1361 /* AppDelegate.swift */,
				CC53BCA622E9286000BD1361 /* SceneDelegate.swift */,
				CC53BCA822E9286000BD1361 /* ContentView.swift */,
				CC53BCAA22E9286100BD1361 /* Assets.xcassets */,
				CC53BCAF22E9286100BD1361 /* LaunchScreen.storyboard */,
				CC53BCB222E9286100BD1361 /* Info.plist */,
				CC53BCAC22E9286100BD1361 /* Preview Content */,
			);
			path = Radar;
			sourceTree = "<group>";
		};
		CC53BCAC22E9286100BD1361 /* Preview Content */ = {
			isa = PBXGroup;
			children = (
				CC53BCAD22E9286100BD1361 /* Preview Assets.xcassets */,
			);
			path = "Preview Content";
			sourceTree = "<group>";
		};
		CC53BCD422E9295D00BD1361 /* Extensions */ = {
			isa = PBXGroup;
			children = (
			);
			path = Extensions;
			sourceTree = "<group>";
		};
		CC53BCD522E9296800BD1361 /* Model */ = {
			isa = PBXGroup;
			children = (
				CC53BCD922E92B5F00BD1361 /* weather */,
				CC53BCD822E92B5A00BD1361 /* city */,
			);
			path = Model;
			sourceTree = "<group>";
		};
		CC53BCD722E9299C00BD1361 /* Views */ = {
			isa = PBXGroup;
			children = (
			);
			path = Views;
			sourceTree = "<group>";
		};
		CC53BCD822E92B5A00BD1361 /* city */ = {
			isa = PBXGroup;
			children = (
				CCC1D8FC22E9499700325653 /* Store */,
				CCC1D8FB22E9498C00325653 /* Completion */,
				CCC1D8FA22E9497F00325653 /* Validation */,
			);
			path = city;
			sourceTree = "<group>";
		};
		CC53BCD922E92B5F00BD1361 /* weather */ = {
			isa = PBXGroup;
			children = (
				CC53BCDA22E92BBC00BD1361 /* Weather.swift */,
				CC53BCDC22E92C8C00BD1361 /* HourlyWeather.swift */,
				CC53BCDE22E92D6200BD1361 /* DailyWeather.swift */,
				CC53BCE022E92EA400BD1361 /* WeatherList.swift */,
				CC53BCE222E9318900BD1361 /* WeatherIcon.swift */,
				CCC1D8F822E9473900325653 /* WeatherManager.swift */,
			);
			path = weather;
			sourceTree = "<group>";
		};
		CCC1D8FA22E9497F00325653 /* Validation */ = {
			isa = PBXGroup;
			children = (
			);
			path = Validation;
			sourceTree = "<group>";
		};
		CCC1D8FB22E9498C00325653 /* Completion */ = {
			isa = PBXGroup;
			children = (
			);
			path = Completion;
			sourceTree = "<group>";
		};
		CCC1D8FC22E9499700325653 /* Store */ = {
			isa = PBXGroup;
			children = (
				CCC1D8FD22E94A0F00325653 /* City.swift */,
				CCA5C9E322EA8BEC00B39021 /* CityStore.swift */,
			);
			path = Store;
			sourceTree = "<group>";
		};
/* End PBXGroup section */

/* Begin PBXNativeTarget section */
		CC53BCA022E9286000BD1361 /* Radar */ = {
			isa = PBXNativeTarget;
			buildConfigurationList = CC53BCCB22E9286100BD1361 /* Build configuration list for PBXNativeTarget "Radar" */;
			buildPhases = (
				CC53BC9D22E9286000BD1361 /* Sources */,
				CC53BC9E22E9286000BD1361 /* Frameworks */,
				CC53BC9F22E9286000BD1361 /* Resources */,
			);
			buildRules = (
			);
			dependencies = (
			);
			name = Radar;
			productName = Radar;
			productReference = CC53BCA122E9286000BD1361 /* Radar.app */;
			productType = "com.apple.product-type.application";
		};
		CC53BCB622E9286100BD1361 /* RadarTests */ = {
			isa = PBXNativeTarget;
			buildConfigurationList = CC53BCCE22E9286100BD1361 /* Build configuration list for PBXNativeTarget "RadarTests" */;
			buildPhases = (
				CC53BCB322E9286100BD1361 /* Sources */,
				CC53BCB422E9286100BD1361 /* Frameworks */,
				CC53BCB522E9286100BD1361 /* Resources */,
			);
			buildRules = (
			);
			dependencies = (
				CC53BCB922E9286100BD1361 /* PBXTargetDependency */,
			);
			name = RadarTests;
			productName = RadarTests;
			productReference = CC53BCB722E9286100BD1361 /* RadarTests.xctest */;
			productType = "com.apple.product-type.bundle.unit-test";
		};
		CC53BCC122E9286100BD1361 /* RadarUITests */ = {
			isa = PBXNativeTarget;
			buildConfigurationList = CC53BCD122E9286100BD1361 /* Build configuration list for PBXNativeTarget "RadarUITests" */;
			buildPhases = (
				CC53BCBE22E9286100BD1361 /* Sources */,
				CC53BCBF22E9286100BD1361 /* Frameworks */,
				CC53BCC022E9286100BD1361 /* Resources */,
			);
			buildRules = (
			);
			dependencies = (
				CC53BCC422E9286100BD1361 /* PBXTargetDependency */,
			);
			name = RadarUITests;
			productName = RadarUITests;
			productReference = CC53BCC222E9286100BD1361 /* RadarUITests.xctest */;
			productType = "com.apple.product-type.bundle.ui-testing";
		};
/* End PBXNativeTarget section */

/* Begin PBXProject section */
		CC53BC9922E9286000BD1361 /* Project object */ = {
			isa = PBXProject;
			attributes = {
				LastSwiftUpdateCheck = 1100;
				LastUpgradeCheck = 1100;
				ORGANIZATIONNAME = JustinD;
				TargetAttributes = {
					CC53BCA022E9286000BD1361 = {
						CreatedOnToolsVersion = 11.0;
					};
					CC53BCB622E9286100BD1361 = {
						CreatedOnToolsVersion = 11.0;
						TestTargetID = CC53BCA022E9286000BD1361;
					};
					CC53BCC122E9286100BD1361 = {
						CreatedOnToolsVersion = 11.0;
						TestTargetID = CC53BCA022E9286000BD1361;
					};
				};
			};
			buildConfigurationList = CC53BC9C22E9286000BD1361 /* Build configuration list for PBXProject "Radar" */;
			compatibilityVersion = "Xcode 9.3";
			developmentRegion = en;
			hasScannedForEncodings = 0;
			knownRegions = (
				en,
				Base,
			);
			mainGroup = CC53BC9822E9286000BD1361;
			productRefGroup = CC53BCA222E9286000BD1361 /* Products */;
			projectDirPath = "";
			projectRoot = "";
			targets = (
				CC53BCA022E9286000BD1361 /* Radar */,
				CC53BCB622E9286100BD1361 /* RadarTests */,
				CC53BCC122E9286100BD1361 /* RadarUITests */,
			);
		};
/* End PBXProject section */

/* Begin PBXResourcesBuildPhase section */
		CC53BC9F22E9286000BD1361 /* Resources */ = {
			isa = PBXResourcesBuildPhase;
			buildActionMask = 2147483647;
			files = (
				CC53BCB122E9286100BD1361 /* LaunchScreen.storyboard in Resources */,
				CC53BCAE22E9286100BD1361 /* Preview Assets.xcassets in Resources */,
				CC53BCAB22E9286100BD1361 /* Assets.xcassets in Resources */,
			);
			runOnlyForDeploymentPostprocessing = 0;
		};
		CC53BCB522E9286100BD1361 /* Resources */ = {
			isa = PBXResourcesBuildPhase;
			buildActionMask = 2147483647;
			files = (
			);
			runOnlyForDeploymentPostprocessing = 0;
		};
		CC53BCC022E9286100BD1361 /* Resources */ = {
			isa = PBXResourcesBuildPhase;
			buildActionMask = 2147483647;
			files = (
			);
			runOnlyForDeploymentPostprocessing = 0;
		};
/* End PBXResourcesBuildPhase section */

/* Begin PBXSourcesBuildPhase section */
		CC53BC9D22E9286000BD1361 /* Sources */ = {
			isa = PBXSourcesBuildPhase;
			buildActionMask = 2147483647;
			files = (
				CC53BCDB22E92BBC00BD1361 /* Weather.swift in Sources */,
				CC53BCA522E9286000BD1361 /* AppDelegate.swift in Sources */,
				CC53BCDF22E92D6200BD1361 /* DailyWeather.swift in Sources */,
				CCA5C9E422EA8BEC00B39021 /* CityStore.swift in Sources */,
				CC53BCA722E9286000BD1361 /* SceneDelegate.swift in Sources */,
				CC53BCDD22E92C8C00BD1361 /* HourlyWeather.swift in Sources */,
				CC53BCE322E9318900BD1361 /* WeatherIcon.swift in Sources */,
				CCC1D8FE22E94A0F00325653 /* City.swift in Sources */,
				CCC1D8F922E9473900325653 /* WeatherManager.swift in Sources */,
				CC53BCE122E92EA400BD1361 /* WeatherList.swift in Sources */,
				CC53BCA922E9286000BD1361 /* ContentView.swift in Sources */,
			);
			runOnlyForDeploymentPostprocessing = 0;
		};
		CC53BCB322E9286100BD1361 /* Sources */ = {
			isa = PBXSourcesBuildPhase;
			buildActionMask = 2147483647;
			files = (
			);
			runOnlyForDeploymentPostprocessing = 0;
		};
		CC53BCBE22E9286100BD1361 /* Sources */ = {
			isa = PBXSourcesBuildPhase;
			buildActionMask = 2147483647;
			files = (
			);
			runOnlyForDeploymentPostprocessing = 0;
		};
/* End PBXSourcesBuildPhase section */

/* Begin PBXTargetDependency section */
		CC53BCB922E9286100BD1361 /* PBXTargetDependency */ = {
			isa = PBXTargetDependency;
			target = CC53BCA022E9286000BD1361 /* Radar */;
			targetProxy = CC53BCB822E9286100BD1361 /* PBXContainerItemProxy */;
		};
		CC53BCC422E9286100BD1361 /* PBXTargetDependency */ = {
			isa = PBXTargetDependency;
			target = CC53BCA022E9286000BD1361 /* Radar */;
			targetProxy = CC53BCC322E9286100BD1361 /* PBXContainerItemProxy */;
		};
/* End PBXTargetDependency section */

/* Begin PBXVariantGroup section */
		CC53BCAF22E9286100BD1361 /* LaunchScreen.storyboard */ = {
			isa = PBXVariantGroup;
			children = (
				CC53BCB022E9286100BD1361 /* Base */,
			);
			name = LaunchScreen.storyboard;
			sourceTree = "<group>";
		};
/* End PBXVariantGroup section */

/* Begin XCBuildConfiguration section */
		CC53BCC922E9286100BD1361 /* Debug */ = {
			isa = XCBuildConfiguration;
			buildSettings = {
				ALWAYS_SEARCH_USER_PATHS = NO;
				CLANG_ANALYZER_NONNULL = YES;
				CLANG_ANALYZER_NUMBER_OBJECT_CONVERSION = YES_AGGRESSIVE;
				CLANG_CXX_LANGUAGE_STANDARD = "gnu++14";
				CLANG_CXX_LIBRARY = "libc++";
				CLANG_ENABLE_MODULES = YES;
				CLANG_ENABLE_OBJC_ARC = YES;
				CLANG_ENABLE_OBJC_WEAK = YES;
				CLANG_WARN_BLOCK_CAPTURE_AUTORELEASING = YES;
				CLANG_WARN_BOOL_CONVERSION = YES;
				CLANG_WARN_COMMA = YES;
				CLANG_WARN_CONSTANT_CONVERSION = YES;
				CLANG_WARN_DEPRECATED_OBJC_IMPLEMENTATIONS = YES;
				CLANG_WARN_DIRECT_OBJC_ISA_USAGE = YES_ERROR;
				CLANG_WARN_DOCUMENTATION_COMMENTS = YES;
				CLANG_WARN_EMPTY_BODY = YES;
				CLANG_WARN_ENUM_CONVERSION = YES;
				CLANG_WARN_INFINITE_RECURSION = YES;
				CLANG_WARN_INT_CONVERSION = YES;
				CLANG_WARN_NON_LITERAL_NULL_CONVERSION = YES;
				CLANG_WARN_OBJC_IMPLICIT_RETAIN_SELF = YES;
				CLANG_WARN_OBJC_LITERAL_CONVERSION = YES;
				CLANG_WARN_OBJC_ROOT_CLASS = YES_ERROR;
				CLANG_WARN_RANGE_LOOP_ANALYSIS = YES;
				CLANG_WARN_STRICT_PROTOTYPES = YES;
				CLANG_WARN_SUSPICIOUS_MOVE = YES;
				CLANG_WARN_UNGUARDED_AVAILABILITY = YES_AGGRESSIVE;
				CLANG_WARN_UNREACHABLE_CODE = YES;
				CLANG_WARN__DUPLICATE_METHOD_MATCH = YES;
				COPY_PHASE_STRIP = NO;
				DEBUG_INFORMATION_FORMAT = dwarf;
				ENABLE_STRICT_OBJC_MSGSEND = YES;
				ENABLE_TESTABILITY = YES;
				GCC_C_LANGUAGE_STANDARD = gnu11;
				GCC_DYNAMIC_NO_PIC = NO;
				GCC_NO_COMMON_BLOCKS = YES;
				GCC_OPTIMIZATION_LEVEL = 0;
				GCC_PREPROCESSOR_DEFINITIONS = (
					"DEBUG=1",
					"$(inherited)",
				);
				GCC_WARN_64_TO_32_BIT_CONVERSION = YES;
				GCC_WARN_ABOUT_RETURN_TYPE = YES_ERROR;
				GCC_WARN_UNDECLARED_SELECTOR = YES;
				GCC_WARN_UNINITIALIZED_AUTOS = YES_AGGRESSIVE;
				GCC_WARN_UNUSED_FUNCTION = YES;
				GCC_WARN_UNUSED_VARIABLE = YES;
				IPHONEOS_DEPLOYMENT_TARGET = 13.0;
				MTL_ENABLE_DEBUG_INFO = INCLUDE_SOURCE;
				MTL_FAST_MATH = YES;
				ONLY_ACTIVE_ARCH = YES;
				SDKROOT = iphoneos;
				SWIFT_ACTIVE_COMPILATION_CONDITIONS = DEBUG;
				SWIFT_OPTIMIZATION_LEVEL = "-Onone";
			};
			name = Debug;
		};
		CC53BCCA22E9286100BD1361 /* Release */ = {
			isa = XCBuildConfiguration;
			buildSettings = {
				ALWAYS_SEARCH_USER_PATHS = NO;
				CLANG_ANALYZER_NONNULL = YES;
				CLANG_ANALYZER_NUMBER_OBJECT_CONVERSION = YES_AGGRESSIVE;
				CLANG_CXX_LANGUAGE_STANDARD = "gnu++14";
				CLANG_CXX_LIBRARY = "libc++";
				CLANG_ENABLE_MODULES = YES;
				CLANG_ENABLE_OBJC_ARC = YES;
				CLANG_ENABLE_OBJC_WEAK = YES;
				CLANG_WARN_BLOCK_CAPTURE_AUTORELEASING = YES;
				CLANG_WARN_BOOL_CONVERSION = YES;
				CLANG_WARN_COMMA = YES;
				CLANG_WARN_CONSTANT_CONVERSION = YES;
				CLANG_WARN_DEPRECATED_OBJC_IMPLEMENTATIONS = YES;
				CLANG_WARN_DIRECT_OBJC_ISA_USAGE = YES_ERROR;
				CLANG_WARN_DOCUMENTATION_COMMENTS = YES;
				CLANG_WARN_EMPTY_BODY = YES;
				CLANG_WARN_ENUM_CONVERSION = YES;
				CLANG_WARN_INFINITE_RECURSION = YES;
				CLANG_WARN_INT_CONVERSION = YES;
				CLANG_WARN_NON_LITERAL_NULL_CONVERSION = YES;
				CLANG_WARN_OBJC_IMPLICIT_RETAIN_SELF = YES;
				CLANG_WARN_OBJC_LITERAL_CONVERSION = YES;
				CLANG_WARN_OBJC_ROOT_CLASS = YES_ERROR;
				CLANG_WARN_RANGE_LOOP_ANALYSIS = YES;
				CLANG_WARN_STRICT_PROTOTYPES = YES;
				CLANG_WARN_SUSPICIOUS_MOVE = YES;
				CLANG_WARN_UNGUARDED_AVAILABILITY = YES_AGGRESSIVE;
				CLANG_WARN_UNREACHABLE_CODE = YES;
				CLANG_WARN__DUPLICATE_METHOD_MATCH = YES;
				COPY_PHASE_STRIP = NO;
				DEBUG_INFORMATION_FORMAT = "dwarf-with-dsym";
				ENABLE_NS_ASSERTIONS = NO;
				ENABLE_STRICT_OBJC_MSGSEND = YES;
				GCC_C_LANGUAGE_STANDARD = gnu11;
				GCC_NO_COMMON_BLOCKS = YES;
				GCC_WARN_64_TO_32_BIT_CONVERSION = YES;
				GCC_WARN_ABOUT_RETURN_TYPE = YES_ERROR;
				GCC_WARN_UNDECLARED_SELECTOR = YES;
				GCC_WARN_UNINITIALIZED_AUTOS = YES_AGGRESSIVE;
				GCC_WARN_UNUSED_FUNCTION = YES;
				GCC_WARN_UNUSED_VARIABLE = YES;
				IPHONEOS_DEPLOYMENT_TARGET = 13.0;
				MTL_ENABLE_DEBUG_INFO = NO;
				MTL_FAST_MATH = YES;
				SDKROOT = iphoneos;
				SWIFT_COMPILATION_MODE = wholemodule;
				SWIFT_OPTIMIZATION_LEVEL = "-O";
				VALIDATE_PRODUCT = YES;
			};
			name = Release;
		};
		CC53BCCC22E9286100BD1361 /* Debug */ = {
			isa = XCBuildConfiguration;
			buildSettings = {
				ASSETCATALOG_COMPILER_APPICON_NAME = AppIcon;
				CODE_SIGN_STYLE = Automatic;
				DEVELOPMENT_ASSET_PATHS = "Radar/Preview\\ Content";
				ENABLE_PREVIEWS = YES;
				INFOPLIST_FILE = Radar/Info.plist;
				LD_RUNPATH_SEARCH_PATHS = (
					"$(inherited)",
					"@executable_path/Frameworks",
				);
				PRODUCT_BUNDLE_IDENTIFIER = com.justin.Radar;
				PRODUCT_NAME = "$(TARGET_NAME)";
				SWIFT_VERSION = 5.0;
				TARGETED_DEVICE_FAMILY = "1,2";
			};
			name = Debug;
		};
		CC53BCCD22E9286100BD1361 /* Release */ = {
			isa = XCBuildConfiguration;
			buildSettings = {
				ASSETCATALOG_COMPILER_APPICON_NAME = AppIcon;
				CODE_SIGN_STYLE = Automatic;
				DEVELOPMENT_ASSET_PATHS = "Radar/Preview\\ Content";
				ENABLE_PREVIEWS = YES;
				INFOPLIST_FILE = Radar/Info.plist;
				LD_RUNPATH_SEARCH_PATHS = (
					"$(inherited)",
					"@executable_path/Frameworks",
				);
				PRODUCT_BUNDLE_IDENTIFIER = com.justin.Radar;
				PRODUCT_NAME = "$(TARGET_NAME)";
				SWIFT_VERSION = 5.0;
				TARGETED_DEVICE_FAMILY = "1,2";
			};
			name = Release;
		};
		CC53BCCF22E9286100BD1361 /* Debug */ = {
			isa = XCBuildConfiguration;
			buildSettings = {
				ALWAYS_EMBED_SWIFT_STANDARD_LIBRARIES = YES;
				BUNDLE_LOADER = "$(TEST_HOST)";
				CODE_SIGN_STYLE = Automatic;
				INFOPLIST_FILE = RadarTests/Info.plist;
				LD_RUNPATH_SEARCH_PATHS = (
					"$(inherited)",
					"@executable_path/Frameworks",
					"@loader_path/Frameworks",
				);
				PRODUCT_BUNDLE_IDENTIFIER = com.justin.RadarTests;
				PRODUCT_NAME = "$(TARGET_NAME)";
				SWIFT_VERSION = 5.0;
				TARGETED_DEVICE_FAMILY = "1,2";
				TEST_HOST = "$(BUILT_PRODUCTS_DIR)/Radar.app/Radar";
			};
			name = Debug;
		};
		CC53BCD022E9286100BD1361 /* Release */ = {
			isa = XCBuildConfiguration;
			buildSettings = {
				ALWAYS_EMBED_SWIFT_STANDARD_LIBRARIES = YES;
				BUNDLE_LOADER = "$(TEST_HOST)";
				CODE_SIGN_STYLE = Automatic;
				INFOPLIST_FILE = RadarTests/Info.plist;
				LD_RUNPATH_SEARCH_PATHS = (
					"$(inherited)",
					"@executable_path/Frameworks",
					"@loader_path/Frameworks",
				);
				PRODUCT_BUNDLE_IDENTIFIER = com.justin.RadarTests;
				PRODUCT_NAME = "$(TARGET_NAME)";
				SWIFT_VERSION = 5.0;
				TARGETED_DEVICE_FAMILY = "1,2";
				TEST_HOST = "$(BUILT_PRODUCTS_DIR)/Radar.app/Radar";
			};
			name = Release;
		};
		CC53BCD222E9286100BD1361 /* Debug */ = {
			isa = XCBuildConfiguration;
			buildSettings = {
				ALWAYS_EMBED_SWIFT_STANDARD_LIBRARIES = YES;
				CODE_SIGN_STYLE = Automatic;
				INFOPLIST_FILE = RadarUITests/Info.plist;
				LD_RUNPATH_SEARCH_PATHS = (
					"$(inherited)",
					"@executable_path/Frameworks",
					"@loader_path/Frameworks",
				);
				PRODUCT_BUNDLE_IDENTIFIER = com.justin.RadarUITests;
				PRODUCT_NAME = "$(TARGET_NAME)";
				SWIFT_VERSION = 5.0;
				TARGETED_DEVICE_FAMILY = "1,2";
				TEST_TARGET_NAME = Radar;
			};
			name = Debug;
		};
		CC53BCD322E9286100BD1361 /* Release */ = {
			isa = XCBuildConfiguration;
			buildSettings = {
				ALWAYS_EMBED_SWIFT_STANDARD_LIBRARIES = YES;
				CODE_SIGN_STYLE = Automatic;
				INFOPLIST_FILE = RadarUITests/Info.plist;
				LD_RUNPATH_SEARCH_PATHS = (
					"$(inherited)",
					"@executable_path/Frameworks",
					"@loader_path/Frameworks",
				);
				PRODUCT_BUNDLE_IDENTIFIER = com.justin.RadarUITests;
				PRODUCT_NAME = "$(TARGET_NAME)";
				SWIFT_VERSION = 5.0;
				TARGETED_DEVICE_FAMILY = "1,2";
				TEST_TARGET_NAME = Radar;
			};
			name = Release;
		};
/* End XCBuildConfiguration section */

/* Begin XCConfigurationList section */
		CC53BC9C22E9286000BD1361 /* Build configuration list for PBXProject "Radar" */ = {
			isa = XCConfigurationList;
			buildConfigurations = (
				CC53BCC922E9286100BD1361 /* Debug */,
				CC53BCCA22E9286100BD1361 /* Release */,
			);
			defaultConfigurationIsVisible = 0;
			defaultConfigurationName = Release;
		};
		CC53BCCB22E9286100BD1361 /* Build configuration list for PBXNativeTarget "Radar" */ = {
			isa = XCConfigurationList;
			buildConfigurations = (
				CC53BCCC22E9286100BD1361 /* Debug */,
				CC53BCCD22E9286100BD1361 /* Release */,
			);
			defaultConfigurationIsVisible = 0;
			defaultConfigurationName = Release;
		};
		CC53BCCE22E9286100BD1361 /* Build configuration list for PBXNativeTarget "RadarTests" */ = {
			isa = XCConfigurationList;
			buildConfigurations = (
				CC53BCCF22E9286100BD1361 /* Debug */,
				CC53BCD022E9286100BD1361 /* Release */,
			);
			defaultConfigurationIsVisible = 0;
			defaultConfigurationName = Release;
		};
		CC53BCD122E9286100BD1361 /* Build configuration list for PBXNativeTarget "RadarUITests" */ = {
			isa = XCConfigurationList;
			buildConfigurations = (
				CC53BCD222E9286100BD1361 /* Debug */,
				CC53BCD322E9286100BD1361 /* Release */,
			);
			defaultConfigurationIsVisible = 0;
			defaultConfigurationName = Release;
		};
/* End XCConfigurationList section */
	};
	rootObject = CC53BC9922E9286000BD1361 /* Project object */;
}
